Microsoft Visual Studio Solution File, Format Version 11.00
# Visual Studio 2008

Project("{A403467D-C58C-22E6-D2ED-26BADC9CAE3A}") = "CULC-Tree", "Assembly-CSharp-firstpass.csproj", "{72047AEC-D9C6-E395-457E-4FDE7A72FC07}"
EndProject
Project("{A403467D-C58C-22E6-D2ED-26BADC9CAE3A}") = "CULC-Tree", "Assembly-CSharp.csproj", "{6AC17352-2DBB-A0F7-92EF-A19BCA29533B}"
EndProject
Project("{A403467D-C58C-22E6-D2ED-26BADC9CAE3A}") = "CULC-Tree", "Assembly-CSharp-Editor.csproj", "{7A0C5973-422F-AE0A-BCFA-AA6B32548B04}"
EndProject
Global
	GlobalSection(SolutionConfigurationPlatforms) = preSolution
		Debug|Any CPU = Debug|Any CPU
		Release|Any CPU = Release|Any CPU
	EndGlobalSection
	GlobalSection(ProjectConfigurationPlatforms) = postSolution
		{72047AEC-D9C6-E395-457E-4FDE7A72FC07}.Debug|Any CPU.ActiveCfg = Debug|Any CPU
		{72047AEC-D9C6-E395-457E-4FDE7A72FC07}.Debug|Any CPU.Build.0 = Debug|Any CPU
		{72047AEC-D9C6-E395-457E-4FDE7A72FC07}.Release|Any CPU.ActiveCfg = Release|Any CPU
		{72047AEC-D9C6-E395-457E-4FDE7A72FC07}.Release|Any CPU.Build.0 = Release|Any CPU
		{6AC17352-2DBB-A0F7-92EF-A19BCA29533B}.Debug|Any CPU.ActiveCfg = Debug|Any CPU
		{6AC17352-2DBB-A0F7-92EF-A19BCA29533B}.Debug|Any CPU.Build.0 = Debug|Any CPU
		{6AC17352-2DBB-A0F7-92EF-A19BCA29533B}.Release|Any CPU.ActiveCfg = Release|Any CPU
		{6AC17352-2DBB-A0F7-92EF-A19BCA29533B}.Release|Any CPU.Build.0 = Release|Any CPU
		{7A0C5973-422F-AE0A-BCFA-AA6B32548B04}.Debug|Any CPU.ActiveCfg = Debug|Any CPU
		{7A0C5973-422F-AE0A-BCFA-AA6B32548B04}.Debug|Any CPU.Build.0 = Debug|Any CPU
		{7A0C5973-422F-AE0A-BCFA-AA6B32548B04}.Release|Any CPU.ActiveCfg = Release|Any CPU
		{7A0C5973-422F-AE0A-BCFA-AA6B32548B04}.Release|Any CPU.Build.0 = Release|Any CPU
	EndGlobalSection
	GlobalSection(SolutionProperties) = preSolution
		HideSolutionNode = FALSE
	EndGlobalSection
	GlobalSection(MonoDevelopProperties) = preSolution
		StartupItem = Assembly-CSharp.csproj
	EndGlobalSection
EndGlobal
